PODS:
  - Flutter (1.0.0)
  - haptic_feedback (0.4.2):
    - Flutter
  - package_info_plus (0.4.5):
    - Flutter
  - sensors_plus (0.0.1):
    - Flutter

DEPENDENCIES:
  - Flutter (from `Flutter`)
  - haptic_feedback (from `.symlinks/plugins/haptic_feedback/ios`)
  - package_info_plus (from `.symlinks/plugins/package_info_plus/ios`)
  - sensors_plus (from `.symlinks/plugins/sensors_plus/ios`)

EXTERNAL SOURCES:
  Flutter:
    :path: Flutter
  haptic_feedback:
    :path: ".symlinks/plugins/haptic_feedback/ios"
  package_info_plus:
    :path: ".symlinks/plugins/package_info_plus/ios"
  sensors_plus:
    :path: ".symlinks/plugins/sensors_plus/ios"

SPEC CHECKSUMS:
  Flutter: e0871f40cf51350855a761d2e70bf5af5b9b5de7
  haptic_feedback: ccbfbef39de4757f4bdf0ef03e7dfb3ffb4363d3
  package_info_plus: c0502532a26c7662a62a356cebe2692ec5fe4ec4
  sensors_plus: 18a9b346c43e157da17d2c8e99def703f9efb9d8

PODFILE CHECKSUM: c4c93c5f6502fe2754f48404d3594bf779584011

COCOAPODS: 1.16.2
