PODS:
  - FlutterMacOS (1.0.0)
  - liquid_flutter_window_utils (0.0.1):
    - FlutterMacOS

DEPENDENCIES:
  - FlutterMacOS (from `Flutter/ephemeral`)
  - liquid_flutter_window_utils (from `Flutter/ephemeral/.symlinks/plugins/liquid_flutter_window_utils/macos`)

EXTERNAL SOURCES:
  FlutterMacOS:
    :path: Flutter/ephemeral
  liquid_flutter_window_utils:
    :path: Flutter/ephemeral/.symlinks/plugins/liquid_flutter_window_utils/macos

SPEC CHECKSUMS:
  FlutterMacOS: d0db08ddef1a9af05a5ec4b724367152bb0500b1
  liquid_flutter_window_utils: 08338c9de990e493e63db32a549aea6762e96c44

PODFILE CHECKSUM: 7ea94091761b499e0c705bed8ccc305efda9867b

COCOAPODS: 1.16.2
